// !$*UTF8*$!
{
	archiveVersion = 1;
	classes = {
	};
	objectVersion = 48;
	objects = {

/* Begin PBXBuildFile section */
		B479CBD11FBA932D00354E2D /* AppDelegate.swift in Sources */ = {isa = PBXBuildFile; fileRef = B479CBD01FBA932D00354E2D /* AppDelegate.swift */; };
		B479CBD31FBA932D00354E2D /* ViewController.swift in Sources */ = {isa = PBXBuildFile; fileRef = B479CBD21FBA932D00354E2D /* ViewController.swift */; };
		B479CBD61FBA932D00354E2D /* Main.storyboard in Resources */ = {isa = PBXBuildFile; fileRef = B479CBD41FBA932D00354E2D /* Main.storyboard */; };
		B479CBD81FBA932D00354E2D /* Assets.xcassets in Resources */ = {isa = PBXBuildFile; fileRef = B479CBD71FBA932D00354E2D /* Assets.xcassets */; };
		B479CBDB1FBA932D00354E2D /* LaunchScreen.storyboard in Resources */ = {isa = PBXBuildFile; fileRef = B479CBD91FBA932D00354E2D /* LaunchScreen.storyboard */; };
		B479CBE31FBA978F00354E2D /* MapViewController.swift in Sources */ = {isa = PBXBuildFile; fileRef = B479CBE21FBA978F00354E2D /* MapViewController.swift */; };
/* End PBXBuildFile section */

/* Begin PBXFileReference section */
		B479CBCD1FBA932D00354E2D /* GitXcodeTutorial.app */ = {isa = PBXFileReference; explicitFileType = wrapper.application; includeInIndex = 0; path = GitXcodeTutorial.app; sourceTree = BUILT_PRODUCTS_DIR; };
		B479CBD01FBA932D00354E2D /* AppDelegate.swift */ = {isa = PBXFileReference; lastKnownFileType = sourcecode.swift; path = AppDelegate.swift; sourceTree = "<group>"; };
		B479CBD21FBA932D00354E2D /* ViewController.swift */ = {isa = PBXFileReference; lastKnownFileType = sourcecode.swift; path = ViewController.swift; sourceTree = "<group>"; };
		B479CBD51FBA932D00354E2D /* Base */ = {isa = PBXFileReference; lastKnownFileType = file.storyboard; name = Base; path = Base.lproj/Main.storyboard; sourceTree = "<group>"; };
		B479CBD71FBA932D00354E2D /* Assets.xcassets */ = {isa = PBXFileReference; lastKnownFileType = folder.assetcatalog; path = Assets.xcassets; sourceTree = "<group>"; };
		B479CBDA1FBA932D00354E2D /* Base */ = {isa = PBXFileReference; lastKnownFileType = file.storyboard; name = Base; path = Base.lproj/LaunchScreen.storyboard; sourceTree = "<group>"; };
		B479CBDC1FBA932D00354E2D /* Info.plist */ = {isa = PBXFileReference; lastKnownFileType = text.plist.xml; path = Info.plist; sourceTree = "<group>"; };
		B479CBE21FBA978F00354E2D /* MapViewController.swift */ = {isa = PBXFileReference; lastKnownFileType = sourcecode.swift; path = MapViewController.swift; sourceTree = "<group>"; };
/* End PBXFileReference section */

/* Begin PBXFrameworksBuildPhase section */
		B479CBCA1FBA932D00354E2D /* Frameworks */ = {
			isa = PBXFrameworksBuildPhase;
			buildActionMask = 2147483647;
			files = (
			);
			runOnlyForDeploymentPostprocessing = 0;
		};
/* End PBXFrameworksBuildPhase section */

/* Begin PBXGroup section */
		B479CBC41FBA932D00354E2D = {
			isa = PBXGroup;
			children = (
				B479CBCF1FBA932D00354E2D /* GitXcodeTutorial */,
				B479CBCE1FBA932D00354E2D /* Products */,
			);
			sourceTree = "<group>";
		};
		B479CBCE1FBA932D00354E2D /* Products */ = {
			isa = PBXGroup;
			children = (
				B479CBCD1FBA932D00354E2D /* GitXcodeTutorial.app */,
			);
			name = Products;
			sourceTree = "<group>";
		};
		B479CBCF1FBA932D00354E2D /* GitXcodeTutorial */ = {
			isa = PBXGroup;
			children = (
				B479CBD01FBA932D00354E2D /* AppDelegate.swift */,
				B479CBD21FBA932D00354E2D /* ViewController.swift */,
				B479CBD41FBA932D00354E2D /* Main.storyboard */,
				B479CBD71FBA932D00354E2D /* Assets.xcassets */,
				B479CBD91FBA932D00354E2D /* LaunchScreen.storyboard */,
				B479CBDC1FBA932D00354E2D /* Info.plist */,
				B479CBE21FBA978F00354E2D /* MapViewController.swift */,
			);
			path = GitXcodeTutorial;
			sourceTree = "<group>";
		};
/* End PBXGroup section */

/* Begin PBXNativeTarget section */
		B479CBCC1FBA932D00354E2D /* GitXcodeTutorial */ = {
			isa = PBXNativeTarget;
			buildConfigurationList = B479CBDF1FBA932D00354E2D /* Build configuration list for PBXNativeTarget "GitXcodeTutorial" */;
			buildPhases = (
				B479CBC91FBA932D00354E2D /* Sources */,
				B479CBCA1FBA932D00354E2D /* Frameworks */,
				B479CBCB1FBA932D00354E2D /* Resources */,
			);
			buildRules = (
			);
			dependencies = (
			);
			name = GitXcodeTutorial;
			productName = GitXcodeTutorial;
			productReference = B479CBCD1FBA932D00354E2D /* GitXcodeTutorial.app */;
			productType = "com.apple.product-type.application";
		};
/* End PBXNativeTarget section */

/* Begin PBXProject section */
		B479CBC51FBA932D00354E2D /* Project object */ = {
			isa = PBXProject;
			attributes = {
				LastSwiftUpdateCheck = 0900;
				LastUpgradeCheck = 0900;
				ORGANIZATIONNAME = "David Murillo";
				TargetAttributes = {
					B479CBCC1FBA932D00354E2D = {
						CreatedOnToolsVersion = 9.0;
						ProvisioningStyle = Automatic;
					};
				};
			};
			buildConfigurationList = B479CBC81FBA932D00354E2D /* Build configuration list for PBXProject "GitXcodeTutorial" */;
			compatibilityVersion = "Xcode 8.0";
			developmentRegion = en;
			hasScannedForEncodings = 0;
			knownRegions = (
				en,
				Base,
			);
			mainGroup = B479CBC41FBA932D00354E2D;
			productRefGroup = B479CBCE1FBA932D00354E2D /* Products */;
			projectDirPath = "";
			projectRoot = "";
			targets = (
				B479CBCC1FBA932D00354E2D /* GitXcodeTutorial */,
			);
		};
/* End PBXProject section */

/* Begin PBXResourcesBuildPhase section */
		B479CBCB1FBA932D00354E2D /* Resources */ = {
			isa = PBXResourcesBuildPhase;
			buildActionMask = 2147483647;
			files = (
				B479CBDB1FBA932D00354E2D /* LaunchScreen.storyboard in Resources */,
				B479CBD81FBA932D00354E2D /* Assets.xcassets in Resources */,
				B479CBD61FBA932D00354E2D /* Main.storyboard in Resources */,
			);
			runOnlyForDeploymentPostprocessing = 0;
		};
/* End PBXResourcesBuildPhase section */

/* Begin PBXSourcesBuildPhase section */
		B479CBC91FBA932D00354E2D /* Sources */ = {
			isa = PBXSourcesBuildPhase;
			buildActionMask = 2147483647;
			files = (
				B479CBD31FBA932D00354E2D /* ViewController.swift in Sources */,
				B479CBE31FBA978F00354E2D /* MapViewController.swift in Sources */,
				B479CBD11FBA932D00354E2D /* AppDelegate.swift in Sources */,
			);
			runOnlyForDeploymentPostprocessing = 0;
		};
/* End PBXSourcesBuildPhase section */

/* Begin PBXVariantGroup section */
		B479CBD41FBA932D00354E2D /* Main.storyboard */ = {
			isa = PBXVariantGroup;
			children = (
				B479CBD51FBA932D00354E2D /* Base */,
			);
			name = Main.storyboard;
			sourceTree = "<group>";
		};
		B479CBD91FBA932D00354E2D /* LaunchScreen.storyboard */ = {
			isa = PBXVariantGroup;
			children = (
				B479CBDA1FBA932D00354E2D /* Base */,
			);
			name = LaunchScreen.storyboard;
			sourceTree = "<group>";
		};
/* End PBXVariantGroup section */

/* Begin XCBuildConfiguration section */
		B479CBDD1FBA932D00354E2D /* Debug */ = {
			isa = XCBuildConfiguration;
			buildSettings = {
				ALWAYS_SEARCH_USER_PATHS = NO;
				CLANG_ANALYZER_NONNULL = YES;
				CLANG_ANALYZER_NUMBER_OBJECT_CONVERSION = YES_AGGRESSIVE;
				CLANG_CXX_LANGUAGE_STANDARD = "gnu++14";
				CLANG_CXX_LIBRARY = "libc++";
				CLANG_ENABLE_MODULES = YES;
				CLANG_ENABLE_OBJC_ARC = YES;
				CLANG_WARN_BLOCK_CAPTURE_AUTORELEASING = YES;
				CLANG_WARN_BOOL_CONVERSION = YES;
				CLANG_WARN_COMMA = YES;
				CLANG_WARN_CONSTANT_CONVERSION = YES;
				CLANG_WARN_DIRECT_OBJC_ISA_USAGE = YES_ERROR;
				CLANG_WARN_DOCUMENTATION_COMMENTS = YES;
				CLANG_WARN_EMPTY_BODY = YES;
				CLANG_WARN_ENUM_CONVERSION = YES;
				CLANG_WARN_INFINITE_RECURSION = YES;
				CLANG_WARN_INT_CONVERSION = YES;
				CLANG_WARN_NON_LITERAL_NULL_CONVERSION = YES;
				CLANG_WARN_OBJC_LITERAL_CONVERSION = YES;
				CLANG_WARN_OBJC_ROOT_CLASS = YES_ERROR;
				CLANG_WARN_RANGE_LOOP_ANALYSIS = YES;
				CLANG_WARN_STRICT_PROTOTYPES = YES;
				CLANG_WARN_SUSPICIOUS_MOVE = YES;
				CLANG_WARN_UNGUARDED_AVAILABILITY = YES_AGGRESSIVE;
				CLANG_WARN_UNREACHABLE_CODE = YES;
				CLANG_WARN__DUPLICATE_METHOD_MATCH = YES;
				CODE_SIGN_IDENTITY = "iPhone Developer";
				COPY_PHASE_STRIP = NO;
				DEBUG_INFORMATION_FORMAT = dwarf;
				ENABLE_STRICT_OBJC_MSGSEND = YES;
				ENABLE_TESTABILITY = YES;
				GCC_C_LANGUAGE_STANDARD = gnu11;
				GCC_DYNAMIC_NO_PIC = NO;
				GCC_NO_COMMON_BLOCKS = YES;
				GCC_OPTIMIZATION_LEVEL = 0;
				GCC_PREPROCESSOR_DEFINITIONS = (
					"DEBUG=1",
					"$(inherited)",
				);
				GCC_WARN_64_TO_32_BIT_CONVERSION = YES;
				GCC_WARN_ABOUT_RETURN_TYPE = YES_ERROR;
				GCC_WARN_UNDECLARED_SELECTOR = YES;
				GCC_WARN_UNINITIALIZED_AUTOS = YES_AGGRESSIVE;
				GCC_WARN_UNUSED_FUNCTION = YES;
				GCC_WARN_UNUSED_VARIABLE = YES;
				IPHONEOS_DEPLOYMENT_TARGET = 11.0;
				MTL_ENABLE_DEBUG_INFO = YES;
				ONLY_ACTIVE_ARCH = YES;
				SDKROOT = iphoneos;
				SWIFT_ACTIVE_COMPILATION_CONDITIONS = DEBUG;
				SWIFT_OPTIMIZATION_LEVEL = "-Onone";
			};
			name = Debug;
		};
		B479CBDE1FBA932D00354E2D /* Release */ = {
			isa = XCBuildConfiguration;
			buildSettings = {
				ALWAYS_SEARCH_USER_PATHS = NO;
				CLANG_ANALYZER_NONNULL = YES;
				CLANG_ANALYZER_NUMBER_OBJECT_CONVERSION = YES_AGGRESSIVE;
				CLANG_CXX_LANGUAGE_STANDARD = "gnu++14";
				CLANG_CXX_LIBRARY = "libc++";
				CLANG_ENABLE_MODULES = YES;
				CLANG_ENABLE_OBJC_ARC = YES;
				CLANG_WARN_BLOCK_CAPTURE_AUTORELEASING = YES;
				CLANG_WARN_BOOL_CONVERSION = YES;
				CLANG_WARN_COMMA = YES;
				CLANG_WARN_CONSTANT_CONVERSION = YES;
				CLANG_WARN_DIRECT_OBJC_ISA_USAGE = YES_ERROR;
				CLANG_WARN_DOCUMENTATION_COMMENTS = YES;
				CLANG_WARN_EMPTY_BODY = YES;
				CLANG_WARN_ENUM_CONVERSION = YES;
				CLANG_WARN_INFINITE_RECURSION = YES;
				CLANG_WARN_INT_CONVERSION = YES;
				CLANG_WARN_NON_LITERAL_NULL_CONVERSION = YES;
				CLANG_WARN_OBJC_LITERAL_CONVERSION = YES;
				CLANG_WARN_OBJC_ROOT_CLASS = YES_ERROR;
				CLANG_WARN_RANGE_LOOP_ANALYSIS = YES;
				CLANG_WARN_STRICT_PROTOTYPES = YES;
				CLANG_WARN_SUSPICIOUS_MOVE = YES;
				CLANG_WARN_UNGUARDED_AVAILABILITY = YES_AGGRESSIVE;
				CLANG_WARN_UNREACHABLE_CODE = YES;
				CLANG_WARN__DUPLICATE_METHOD_MATCH = YES;
				CODE_SIGN_IDENTITY = "iPhone Developer";
				COPY_PHASE_STRIP = NO;
				DEBUG_INFORMATION_FORMAT = "dwarf-with-dsym";
				ENABLE_NS_ASSERTIONS = NO;
				ENABLE_STRICT_OBJC_MSGSEND = YES;
				GCC_C_LANGUAGE_STANDARD = gnu11;
				GCC_NO_COMMON_BLOCKS = YES;
				GCC_WARN_64_TO_32_BIT_CONVERSION = YES;
				GCC_WARN_ABOUT_RETURN_TYPE = YES_ERROR;
				GCC_WARN_UNDECLARED_SELECTOR = YES;
				GCC_WARN_UNINITIALIZED_AUTOS = YES_AGGRESSIVE;
				GCC_WARN_UNUSED_FUNCTION = YES;
				GCC_WARN_UNUSED_VARIABLE = YES;
				IPHONEOS_DEPLOYMENT_TARGET = 11.0;
				MTL_ENABLE_DEBUG_INFO = NO;
				SDKROOT = iphoneos;
				SWIFT_OPTIMIZATION_LEVEL = "-Owholemodule";
				VALIDATE_PRODUCT = YES;
			};
			name = Release;
		};
		B479CBE01FBA932D00354E2D /* Debug */ = {
			isa = XCBuildConfiguration;
			buildSettings = {
				ASSETCATALOG_COMPILER_APPICON_NAME = AppIcon;
				CODE_SIGN_STYLE = Automatic;
				INFOPLIST_FILE = GitXcodeTutorial/Info.plist;
				LD_RUNPATH_SEARCH_PATHS = "$(inherited) @executable_path/Frameworks";
				PRODUCT_BUNDLE_IDENTIFIER = dmz.GitXcodeTutorial;
				PRODUCT_NAME = "$(TARGET_NAME)";
				SWIFT_VERSION = 4.0;
				TARGETED_DEVICE_FAMILY = "1,2";
			};
			name = Debug;
		};
		B479CBE11FBA932D00354E2D /* Release */ = {
			isa = XCBuildConfiguration;
			buildSettings = {
				ASSETCATALOG_COMPILER_APPICON_NAME = AppIcon;
				CODE_SIGN_STYLE = Automatic;
				INFOPLIST_FILE = GitXcodeTutorial/Info.plist;
				LD_RUNPATH_SEARCH_PATHS = "$(inherited) @executable_path/Frameworks";
				PRODUCT_BUNDLE_IDENTIFIER = dmz.GitXcodeTutorial;
				PRODUCT_NAME = "$(TARGET_NAME)";
				SWIFT_VERSION = 4.0;
				TARGETED_DEVICE_FAMILY = "1,2";
			};
			name = Release;
		};
/* End XCBuildConfiguration section */

/* Begin XCConfigurationList section */
		B479CBC81FBA932D00354E2D /* Build configuration list for PBXProject "GitXcodeTutorial" */ = {
			isa = XCConfigurationList;
			buildConfigurations = (
				B479CBDD1FBA932D00354E2D /* Debug */,
				B479CBDE1FBA932D00354E2D /* Release */,
			);
			defaultConfigurationIsVisible = 0;
			defaultConfigurationName = Release;
		};
		B479CBDF1FBA932D00354E2D /* Build configuration list for PBXNativeTarget "GitXcodeTutorial" */ = {
			isa = XCConfigurationList;
			buildConfigurations = (
				B479CBE01FBA932D00354E2D /* Debug */,
				B479CBE11FBA932D00354E2D /* Release */,
			);
			defaultConfigurationIsVisible = 0;
			defaultConfigurationName = Release;
		};
/* End XCConfigurationList section */
	};
	rootObject = B479CBC51FBA932D00354E2D /* Project object */;
}
